
Microsoft Visual Studio Solution File, Format Version 12.00
# Visual Studio Version 16
VisualStudioVersion = 16.0.29102.190
MinimumVisualStudioVersion = 10.0.40219.1
Project("{9A19103F-16F7-4668-BE54-9A1E7A4F7556}") = "BlazorWithSecurity", "BlazorWithSecurity.csproj", "{F77094FF-1D13-424D-9543-C455E72274DD}"
EndProject
Global
	GlobalSection(SolutionConfigurationPlatforms) = preSolution
		Debug|Any CPU = Debug|Any CPU
		Release|Any CPU = Release|Any CPU
	EndGlobalSection
	GlobalSection(ProjectConfigurationPlatforms) = postSolution
		{F77094FF-1D13-424D-9543-C455E72274DD}.Debug|Any CPU.ActiveCfg = Debug|Any CPU
		{F77094FF-1D13-424D-9543-C455E72274DD}.Debug|Any CPU.Build.0 = Debug|Any CPU
		{F77094FF-1D13-424D-9543-C455E72274DD}.Release|Any CPU.ActiveCfg = Release|Any CPU
		{F77094FF-1D13-424D-9543-C455E72274DD}.Release|Any CPU.Build.0 = Release|Any CPU
	EndGlobalSection
	GlobalSection(SolutionProperties) = preSolution
		HideSolutionNode = FALSE
	EndGlobalSection
	GlobalSection(ExtensibilityGlobals) = postSolution
		SolutionGuid = {848B0645-B8F6-435E-B3F0-2D24C3B81CA9}
	EndGlobalSection
EndGlobal
